Microsoft Visual Studio Solution File, Format Version 12.00
# Visual Studio Version 17
VisualStudioVersion = 17.5.2.0
MinimumVisualStudioVersion = 10.0.40219.1
Project("{2150E333-8FDC-42A3-9474-1A3956D46DE8}") = "Lezione_11", "Lezione_11", "{CC2E3FD9-4347-0A66-2098-16CEA9273E67}"
EndProject
Project("{FAE04EC0-301F-11D3-BF4B-00C04F79EFBC}") = "EsempioAstrazione", "Lezione_11\EsempioAstrazione\EsempioAstrazione.csproj", "{76C7C8E3-9651-955E-45AF-7CEB1CCFBD82}"
EndProject
Global
	GlobalSection(SolutionConfigurationPlatforms) = preSolution
		Debug|Any CPU = Debug|Any CPU
		Release|Any CPU = Release|Any CPU
	EndGlobalSection
	GlobalSection(ProjectConfigurationPlatforms) = postSolution
		{76C7C8E3-9651-955E-45AF-7CEB1CCFBD82}.Debug|Any CPU.ActiveCfg = Debug|Any CPU
		{76C7C8E3-9651-955E-45AF-7CEB1CCFBD82}.Debug|Any CPU.Build.0 = Debug|Any CPU
		{76C7C8E3-9651-955E-45AF-7CEB1CCFBD82}.Release|Any CPU.ActiveCfg = Release|Any CPU
		{76C7C8E3-9651-955E-45AF-7CEB1CCFBD82}.Release|Any CPU.Build.0 = Release|Any CPU
	EndGlobalSection
	GlobalSection(SolutionProperties) = preSolution
		HideSolutionNode = FALSE
	EndGlobalSection
	GlobalSection(NestedProjects) = preSolution
		{76C7C8E3-9651-955E-45AF-7CEB1CCFBD82} = {CC2E3FD9-4347-0A66-2098-16CEA9273E67}
	EndGlobalSection
	GlobalSection(ExtensibilityGlobals) = postSolution
		SolutionGuid = {8A3E42C8-BCDA-4C7F-9D5A-B78FF269F372}
	EndGlobalSection
EndGlobal
