
Microsoft Visual Studio Solution File, Format Version 12.00
# Visual Studio Version 17
VisualStudioVersion = 17.5.2.0
MinimumVisualStudioVersion = 10.0.40219.1
Project("{FAE04EC0-301F-11D3-BF4B-00C04F79EFBC}") = "EsempioStrategy", "EsempioStrategy\EsempioStrategy.csproj", "{75CDE970-B1EC-93D1-BC3B-EEBC2877D7AA}"
EndProject
Project("{FAE04EC0-301F-11D3-BF4B-00C04F79EFBC}") = "EsercizioStrategy_1", "EsercizioStrategy_1\EsercizioStrategy_1.csproj", "{5D2EF9EE-7E90-86C9-F48D-77FC37996553}"
EndProject
Project("{FAE04EC0-301F-11D3-BF4B-00C04F79EFBC}") = "StrategyPiatto", "StrategyPiatto\StrategyPiatto.csproj", "{637E4D48-2258-4A0E-AF5B-B957C5354E3F}"
EndProject
Global
	GlobalSection(SolutionConfigurationPlatforms) = preSolution
		Debug|Any CPU = Debug|Any CPU
		Debug|x64 = Debug|x64
		Debug|x86 = Debug|x86
		Release|Any CPU = Release|Any CPU
		Release|x64 = Release|x64
		Release|x86 = Release|x86
	EndGlobalSection
	GlobalSection(ProjectConfigurationPlatforms) = postSolution
		{75CDE970-B1EC-93D1-BC3B-EEBC2877D7AA}.Debug|Any CPU.ActiveCfg = Debug|Any CPU
		{75CDE970-B1EC-93D1-BC3B-EEBC2877D7AA}.Debug|Any CPU.Build.0 = Debug|Any CPU
		{75CDE970-B1EC-93D1-BC3B-EEBC2877D7AA}.Debug|x64.ActiveCfg = Debug|Any CPU
		{75CDE970-B1EC-93D1-BC3B-EEBC2877D7AA}.Debug|x64.Build.0 = Debug|Any CPU
		{75CDE970-B1EC-93D1-BC3B-EEBC2877D7AA}.Debug|x86.ActiveCfg = Debug|Any CPU
		{75CDE970-B1EC-93D1-BC3B-EEBC2877D7AA}.Debug|x86.Build.0 = Debug|Any CPU
		{75CDE970-B1EC-93D1-BC3B-EEBC2877D7AA}.Release|Any CPU.ActiveCfg = Release|Any CPU
		{75CDE970-B1EC-93D1-BC3B-EEBC2877D7AA}.Release|Any CPU.Build.0 = Release|Any CPU
		{75CDE970-B1EC-93D1-BC3B-EEBC2877D7AA}.Release|x64.ActiveCfg = Release|Any CPU
		{75CDE970-B1EC-93D1-BC3B-EEBC2877D7AA}.Release|x64.Build.0 = Release|Any CPU
		{75CDE970-B1EC-93D1-BC3B-EEBC2877D7AA}.Release|x86.ActiveCfg = Release|Any CPU
		{75CDE970-B1EC-93D1-BC3B-EEBC2877D7AA}.Release|x86.Build.0 = Release|Any CPU
		{5D2EF9EE-7E90-86C9-F48D-77FC37996553}.Debug|Any CPU.ActiveCfg = Debug|Any CPU
		{5D2EF9EE-7E90-86C9-F48D-77FC37996553}.Debug|Any CPU.Build.0 = Debug|Any CPU
		{5D2EF9EE-7E90-86C9-F48D-77FC37996553}.Debug|x64.ActiveCfg = Debug|Any CPU
		{5D2EF9EE-7E90-86C9-F48D-77FC37996553}.Debug|x64.Build.0 = Debug|Any CPU
		{5D2EF9EE-7E90-86C9-F48D-77FC37996553}.Debug|x86.ActiveCfg = Debug|Any CPU
		{5D2EF9EE-7E90-86C9-F48D-77FC37996553}.Debug|x86.Build.0 = Debug|Any CPU
		{5D2EF9EE-7E90-86C9-F48D-77FC37996553}.Release|Any CPU.ActiveCfg = Release|Any CPU
		{5D2EF9EE-7E90-86C9-F48D-77FC37996553}.Release|Any CPU.Build.0 = Release|Any CPU
		{5D2EF9EE-7E90-86C9-F48D-77FC37996553}.Release|x64.ActiveCfg = Release|Any CPU
		{5D2EF9EE-7E90-86C9-F48D-77FC37996553}.Release|x64.Build.0 = Release|Any CPU
		{5D2EF9EE-7E90-86C9-F48D-77FC37996553}.Release|x86.ActiveCfg = Release|Any CPU
		{5D2EF9EE-7E90-86C9-F48D-77FC37996553}.Release|x86.Build.0 = Release|Any CPU
		{637E4D48-2258-4A0E-AF5B-B957C5354E3F}.Debug|Any CPU.ActiveCfg = Debug|Any CPU
		{637E4D48-2258-4A0E-AF5B-B957C5354E3F}.Debug|Any CPU.Build.0 = Debug|Any CPU
		{637E4D48-2258-4A0E-AF5B-B957C5354E3F}.Debug|x64.ActiveCfg = Debug|Any CPU
		{637E4D48-2258-4A0E-AF5B-B957C5354E3F}.Debug|x64.Build.0 = Debug|Any CPU
		{637E4D48-2258-4A0E-AF5B-B957C5354E3F}.Debug|x86.ActiveCfg = Debug|Any CPU
		{637E4D48-2258-4A0E-AF5B-B957C5354E3F}.Debug|x86.Build.0 = Debug|Any CPU
		{637E4D48-2258-4A0E-AF5B-B957C5354E3F}.Release|Any CPU.ActiveCfg = Release|Any CPU
		{637E4D48-2258-4A0E-AF5B-B957C5354E3F}.Release|Any CPU.Build.0 = Release|Any CPU
		{637E4D48-2258-4A0E-AF5B-B957C5354E3F}.Release|x64.ActiveCfg = Release|Any CPU
		{637E4D48-2258-4A0E-AF5B-B957C5354E3F}.Release|x64.Build.0 = Release|Any CPU
		{637E4D48-2258-4A0E-AF5B-B957C5354E3F}.Release|x86.ActiveCfg = Release|Any CPU
		{637E4D48-2258-4A0E-AF5B-B957C5354E3F}.Release|x86.Build.0 = Release|Any CPU
	EndGlobalSection
	GlobalSection(SolutionProperties) = preSolution
		HideSolutionNode = FALSE
	EndGlobalSection
	GlobalSection(ExtensibilityGlobals) = postSolution
		SolutionGuid = {11AA6186-E7FF-4296-A51F-9DFF46EE6A6B}
	EndGlobalSection
EndGlobal
